
Microsoft Visual Studio Solution File, Format Version 12.00
# Visual Studio Version 16
VisualStudioVersion = 16.0.31105.61
MinimumVisualStudioVersion = 10.0.40219.1
Project("{2150E333-8FDC-42A3-9474-1A3956D46DE8}") = "src", "src", "{4D359946-578F-4076-A58E-C8D008BA66F6}"
EndProject
Project("{2150E333-8FDC-42A3-9474-1A3956D46DE8}") = "test", "test", "{3F52990B-2AB3-415E-9EA4-FC180A0EB7E0}"
EndProject
Project("{9A19103F-16F7-4668-BE54-9A1E7A4F7556}") = "AllocationToolkit.Domain", "AllocationToolkit.Domain\AllocationToolkit.Domain.csproj", "{B9F809C4-82B5-4ED4-8EFC-A39290D69ACE}"
EndProject
Project("{9A19103F-16F7-4668-BE54-9A1E7A4F7556}") = "AllocationToolkit.Domain.Tests", "AllocationToolkit.Domain.Tests\AllocationToolkit.Domain.Tests.csproj", "{503CF7DA-F8EA-4676-9E19-AEA7367FEC79}"
EndProject
Project("{FAE04EC0-301F-11D3-BF4B-00C04F79EFBC}") = "AllocationToolkit.Services", "AllocationToolkit.Services\AllocationToolkit.Services.csproj", "{5C407704-9192-4842-B5E0-888CB94C37B5}"
EndProject
Project("{FAE04EC0-301F-11D3-BF4B-00C04F79EFBC}") = "AllocationToolkit.Services.Tests", "AllocationToolkit.Services.Tests\AllocationToolkit.Services.Tests.csproj", "{6A5C3AFF-B108-4A14-B444-D4874CBC7533}"
EndProject
Global
	GlobalSection(SolutionConfigurationPlatforms) = preSolution
		Debug|Any CPU = Debug|Any CPU
		Release|Any CPU = Release|Any CPU
	EndGlobalSection
	GlobalSection(ProjectConfigurationPlatforms) = postSolution
		{B9F809C4-82B5-4ED4-8EFC-A39290D69ACE}.Debug|Any CPU.ActiveCfg = Debug|Any CPU
		{B9F809C4-82B5-4ED4-8EFC-A39290D69ACE}.Debug|Any CPU.Build.0 = Debug|Any CPU
		{B9F809C4-82B5-4ED4-8EFC-A39290D69ACE}.Release|Any CPU.ActiveCfg = Release|Any CPU
		{B9F809C4-82B5-4ED4-8EFC-A39290D69ACE}.Release|Any CPU.Build.0 = Release|Any CPU
		{503CF7DA-F8EA-4676-9E19-AEA7367FEC79}.Debug|Any CPU.ActiveCfg = Debug|Any CPU
		{503CF7DA-F8EA-4676-9E19-AEA7367FEC79}.Debug|Any CPU.Build.0 = Debug|Any CPU
		{503CF7DA-F8EA-4676-9E19-AEA7367FEC79}.Release|Any CPU.ActiveCfg = Release|Any CPU
		{503CF7DA-F8EA-4676-9E19-AEA7367FEC79}.Release|Any CPU.Build.0 = Release|Any CPU
		{5C407704-9192-4842-B5E0-888CB94C37B5}.Debug|Any CPU.ActiveCfg = Debug|Any CPU
		{5C407704-9192-4842-B5E0-888CB94C37B5}.Debug|Any CPU.Build.0 = Debug|Any CPU
		{5C407704-9192-4842-B5E0-888CB94C37B5}.Release|Any CPU.ActiveCfg = Release|Any CPU
		{5C407704-9192-4842-B5E0-888CB94C37B5}.Release|Any CPU.Build.0 = Release|Any CPU
		{6A5C3AFF-B108-4A14-B444-D4874CBC7533}.Debug|Any CPU.ActiveCfg = Debug|Any CPU
		{6A5C3AFF-B108-4A14-B444-D4874CBC7533}.Debug|Any CPU.Build.0 = Debug|Any CPU
		{6A5C3AFF-B108-4A14-B444-D4874CBC7533}.Release|Any CPU.ActiveCfg = Release|Any CPU
		{6A5C3AFF-B108-4A14-B444-D4874CBC7533}.Release|Any CPU.Build.0 = Release|Any CPU
	EndGlobalSection
	GlobalSection(SolutionProperties) = preSolution
		HideSolutionNode = FALSE
	EndGlobalSection
	GlobalSection(NestedProjects) = preSolution
		{B9F809C4-82B5-4ED4-8EFC-A39290D69ACE} = {4D359946-578F-4076-A58E-C8D008BA66F6}
		{503CF7DA-F8EA-4676-9E19-AEA7367FEC79} = {3F52990B-2AB3-415E-9EA4-FC180A0EB7E0}
		{5C407704-9192-4842-B5E0-888CB94C37B5} = {4D359946-578F-4076-A58E-C8D008BA66F6}
		{6A5C3AFF-B108-4A14-B444-D4874CBC7533} = {3F52990B-2AB3-415E-9EA4-FC180A0EB7E0}
	EndGlobalSection
	GlobalSection(ExtensibilityGlobals) = postSolution
		SolutionGuid = {5ECD2EC0-92D7-44FB-A9D5-98B0646CA1A4}
	EndGlobalSection
EndGlobal
