
Microsoft Visual Studio Solution File, Format Version 12.00
# Visual Studio Version 16
VisualStudioVersion = 16.0.31105.61
MinimumVisualStudioVersion = 10.0.40219.1
Project("{FAE04EC0-301F-11D3-BF4B-00C04F79EFBC}") = "ClassLibrary1", "ClassLibrary1\ClassLibrary1.csproj", "{DCF85C69-C95F-452D-9AE3-A050E8F02D92}"
EndProject
Global
	GlobalSection(SolutionConfigurationPlatforms) = preSolution
		Debug|Any CPU = Debug|Any CPU
		Release|Any CPU = Release|Any CPU
	EndGlobalSection
	GlobalSection(ProjectConfigurationPlatforms) = postSolution
		{DCF85C69-C95F-452D-9AE3-A050E8F02D92}.Debug|Any CPU.ActiveCfg = Debug|Any CPU
		{DCF85C69-C95F-452D-9AE3-A050E8F02D92}.Debug|Any CPU.Build.0 = Debug|Any CPU
		{DCF85C69-C95F-452D-9AE3-A050E8F02D92}.Release|Any CPU.ActiveCfg = Release|Any CPU
		{DCF85C69-C95F-452D-9AE3-A050E8F02D92}.Release|Any CPU.Build.0 = Release|Any CPU
	EndGlobalSection
	GlobalSection(SolutionProperties) = preSolution
		HideSolutionNode = FALSE
	EndGlobalSection
	GlobalSection(ExtensibilityGlobals) = postSolution
		SolutionGuid = {5ECD2EC0-92D7-44FB-A9D5-98B0646CA1A4}
	EndGlobalSection
EndGlobal
